
Microsoft Visual Studio Solution File, Format Version 12.00
# Visual Studio Version 17
VisualStudioVersion = 17.11.35327.3
MinimumVisualStudioVersion = 10.0.40219.1
Project("{FAE04EC0-301F-11D3-BF4B-00C04F79EFBC}") = "Server", "Server.csproj", "{2B9662FC-CDAF-421D-B072-BD64F45DF1DA}"
EndProject
Global
	GlobalSection(SolutionConfigurationPlatforms) = preSolution
		Debug|Any CPU = Debug|Any CPU
		Release|Any CPU = Release|Any CPU
	EndGlobalSection
	GlobalSection(ProjectConfigurationPlatforms) = postSolution
		{2B9662FC-CDAF-421D-B072-BD64F45DF1DA}.Debug|Any CPU.ActiveCfg = Debug|Any CPU
		{2B9662FC-CDAF-421D-B072-BD64F45DF1DA}.Debug|Any CPU.Build.0 = Debug|Any CPU
		{2B9662FC-CDAF-421D-B072-BD64F45DF1DA}.Release|Any CPU.ActiveCfg = Release|Any CPU
		{2B9662FC-CDAF-421D-B072-BD64F45DF1DA}.Release|Any CPU.Build.0 = Release|Any CPU
	EndGlobalSection
	GlobalSection(SolutionProperties) = preSolution
		HideSolutionNode = FALSE
	EndGlobalSection
	GlobalSection(ExtensibilityGlobals) = postSolution
		SolutionGuid = {9DF194AB-4A24-4D30-A603-43814D464E3E}
	EndGlobalSection
EndGlobal
